
Microsoft Visual Studio Solution File, Format Version 11.00
# Visual Studio 2010
Project("{FAE04EC0-301F-11D3-BF4B-00C04F79EFBC}") = "Sphinx.Client", "Sphinx.Client\Sphinx.Client.csproj", "{DA4B099D-BD73-4FDF-8B6F-FF690D076BC0}"
EndProject
Global
	GlobalSection(TestCaseManagementSettings) = postSolution
		CategoryFile = Sphinx.Client.vsmdi
	EndGlobalSection
	GlobalSection(SolutionConfigurationPlatforms) = preSolution
		Debug|Any CPU = Debug|Any CPU
		Release|Any CPU = Release|Any CPU
	EndGlobalSection
	GlobalSection(ProjectConfigurationPlatforms) = postSolution
		{DA4B099D-BD73-4FDF-8B6F-FF690D076BC0}.Debug|Any CPU.ActiveCfg = Debug|Any CPU
		{DA4B099D-BD73-4FDF-8B6F-FF690D076BC0}.Debug|Any CPU.Build.0 = Debug|Any CPU
		{DA4B099D-BD73-4FDF-8B6F-FF690D076BC0}.Release|Any CPU.ActiveCfg = Release|Any CPU
		{DA4B099D-BD73-4FDF-8B6F-FF690D076BC0}.Release|Any CPU.Build.0 = Release|Any CPU
	EndGlobalSection
	GlobalSection(SolutionProperties) = preSolution
		HideSolutionNode = FALSE
	EndGlobalSection
EndGlobal
